
Microsoft Visual Studio Solution File, Format Version 12.00
# Visual Studio 15
VisualStudioVersion = 15.0.27130.2010
MinimumVisualStudioVersion = 10.0.40219.1
Project("{FAE04EC0-301F-11D3-BF4B-00C04F79EFBC}") = "SkillsetAPI", "SkillsetAPI\SkillsetAPI.csproj", "{C9FF197E-C25F-4AE8-A7A6-10887836BEBB}"
EndProject
Project("{FAE04EC0-301F-11D3-BF4B-00C04F79EFBC}") = "SkillsetClient", "SkillsetClient\SkillsetClient.csproj", "{8FAADBA1-E5FD-4E5E-AE3E-8672315F416B}"
EndProject
Global
	GlobalSection(SolutionConfigurationPlatforms) = preSolution
		Debug|Any CPU = Debug|Any CPU
		Release|Any CPU = Release|Any CPU
	EndGlobalSection
	GlobalSection(ProjectConfigurationPlatforms) = postSolution
		{C9FF197E-C25F-4AE8-A7A6-10887836BEBB}.Debug|Any CPU.ActiveCfg = Debug|Any CPU
		{C9FF197E-C25F-4AE8-A7A6-10887836BEBB}.Debug|Any CPU.Build.0 = Debug|Any CPU
		{C9FF197E-C25F-4AE8-A7A6-10887836BEBB}.Release|Any CPU.ActiveCfg = Release|Any CPU
		{C9FF197E-C25F-4AE8-A7A6-10887836BEBB}.Release|Any CPU.Build.0 = Release|Any CPU
		{8FAADBA1-E5FD-4E5E-AE3E-8672315F416B}.Debug|Any CPU.ActiveCfg = Debug|Any CPU
		{8FAADBA1-E5FD-4E5E-AE3E-8672315F416B}.Debug|Any CPU.Build.0 = Debug|Any CPU
		{8FAADBA1-E5FD-4E5E-AE3E-8672315F416B}.Release|Any CPU.ActiveCfg = Release|Any CPU
		{8FAADBA1-E5FD-4E5E-AE3E-8672315F416B}.Release|Any CPU.Build.0 = Release|Any CPU
	EndGlobalSection
	GlobalSection(SolutionProperties) = preSolution
		HideSolutionNode = FALSE
	EndGlobalSection
	GlobalSection(ExtensibilityGlobals) = postSolution
		SolutionGuid = {31E691C6-CB40-4900-84D0-5B99616DE8A6}
	EndGlobalSection
EndGlobal
